<?xml version="1.0" encoding="utf-8"?>
<Project ToolsVersion="4.0" xmlns="http://schemas.microsoft.com/developer/msbuild/2003">
  <ItemGroup>
    <Filter Include="Source Files">
      <UniqueIdentifier>{4FC737F1-C7A5-4376-A066-2A32D752A2FF}</UniqueIdentifier>
      <Extensions>cpp;c;cc;cxx;c++;cppm;ixx;def;odl;idl;hpj;bat;asm;asmx</Extensions>
    </Filter>
    <Filter Include="Header Files">
      <UniqueIdentifier>{93995380-89BD-4b04-88EB-625FBE52EBFB}</UniqueIdentifier>
      <Extensions>h;hh;hpp;hxx;h++;hm;inl;inc;ipp;xsd</Extensions>
    </Filter>
    <Filter Include="Resource Files">
      <UniqueIdentifier>{67DA6AB6-F800-4c08-8B7A-83BB121AAD01}</UniqueIdentifier>
      <Extensions>rc;ico;cur;bmp;dlg;rc2;rct;bin;rgs;gif;jpg;jpeg;jpe;resx;tiff;tif;png;wav;mfcribbon-ms</Extensions>
    </Filter>
    <Filter Include="Source Files\Player">
      <UniqueIdentifier>{5f87623e-02d3-41a0-9b14-107395269151}</UniqueIdentifier>
    </Filter>
    <Filter Include="Header Files\Player">
      <UniqueIdentifier>{113d226e-8cfd-482e-b59c-ef6da9b496c6}</UniqueIdentifier>
    </Filter>
    <Filter Include="Source Files\Cards">
      <UniqueIdentifier>{890e3030-b168-4ef9-a7c6-dd0957a91aea}</UniqueIdentifier>
    </Filter>
    <Filter Include="Header Files\Cards">
      <UniqueIdentifier>{bea0c0e5-cf60-485b-a63e-694ead97a293}</UniqueIdentifier>
    </Filter>
    <Filter Include="Header Files\Game">
      <UniqueIdentifier>{58936da0-e797-4b1d-96ad-528bac9aead3}</UniqueIdentifier>
    </Filter>
    <Filter Include="Source Files\Game">
      <UniqueIdentifier>{498528ea-0681-4312-b977-e123cf1b228e}</UniqueIdentifier>
    </Filter>
  </ItemGroup>
  <ItemGroup>
    <ClCompile Include="HeartsCardGameSimulation.cpp">
      <Filter>Source Files</Filter>
    </ClCompile>
    <ClCompile Include="CPlayer.cpp">
      <Filter>Source Files\Player</Filter>
    </ClCompile>
    <ClCompile Include="CHumanPlayer.cpp">
      <Filter>Source Files\Player</Filter>
    </ClCompile>
    <ClCompile Include="CComputerPlayer.cpp">
      <Filter>Source Files\Player</Filter>
    </ClCompile>
    <ClCompile Include="CCard.cpp">
      <Filter>Source Files\Cards</Filter>
    </ClCompile>
    <ClCompile Include="CCardSuit.cpp">
      <Filter>Source Files\Cards</Filter>
    </ClCompile>
    <ClCompile Include="CCardPointsAllocator.cpp">
      <Filter>Source Files\Cards</Filter>
    </ClCompile>
    <ClCompile Include="CCardsManager.cpp">
      <Filter>Source Files\Cards</Filter>
    </ClCompile>
    <ClCompile Include="CCardRank.cpp">
      <Filter>Source Files\Cards</Filter>
    </ClCompile>
    <ClCompile Include="CCardsFactory.cpp">
      <Filter>Source Files\Cards</Filter>
    </ClCompile>
    <ClCompile Include="CRound.cpp">
      <Filter>Source Files\Game</Filter>
    </ClCompile>
    <ClCompile Include="CGame.cpp">
      <Filter>Source Files\Game</Filter>
    </ClCompile>
    <ClCompile Include="CScores.cpp">
      <Filter>Source Files\Game</Filter>
    </ClCompile>
    <ClCompile Include="CPlayerManager.cpp">
      <Filter>Source Files\Player</Filter>
    </ClCompile>
    <ClCompile Include="CPlayerFactory.cpp">
      <Filter>Source Files\Player</Filter>
    </ClCompile>
    <ClCompile Include="CConsoleLogger.cpp">
      <Filter>Source Files</Filter>
    </ClCompile>
    <ClCompile Include="CCardsPassDirection.cpp">
      <Filter>Source Files\Cards</Filter>
    </ClCompile>
    <ClCompile Include="CScoreCalculator.cpp">
      <Filter>Source Files\Game</Filter>
    </ClCompile>
  </ItemGroup>
  <ItemGroup>
    <ClInclude Include="CPlayer.h">
      <Filter>Header Files\Player</Filter>
    </ClInclude>
    <ClInclude Include="CHumanPlayer.h">
      <Filter>Header Files\Player</Filter>
    </ClInclude>
    <ClInclude Include="CComputerPlayer.h">
      <Filter>Header Files\Player</Filter>
    </ClInclude>
    <ClInclude Include="AppEnumsConsts.h">
      <Filter>Header Files</Filter>
    </ClInclude>
    <ClInclude Include="CCard.h">
      <Filter>Header Files\Cards</Filter>
    </ClInclude>
    <ClInclude Include="CCardSuit.h">
      <Filter>Header Files\Cards</Filter>
    </ClInclude>
    <ClInclude Include="CCardPointsAllocator.h">
      <Filter>Header Files\Cards</Filter>
    </ClInclude>
    <ClInclude Include="CCardsManager.h">
      <Filter>Header Files\Cards</Filter>
    </ClInclude>
    <ClInclude Include="CCardRank.h">
      <Filter>Header Files\Cards</Filter>
    </ClInclude>
    <ClInclude Include="CCardsFactory.h">
      <Filter>Header Files\Cards</Filter>
    </ClInclude>
    <ClInclude Include="CGame.h">
      <Filter>Header Files\Game</Filter>
    </ClInclude>
    <ClInclude Include="CRound.h">
      <Filter>Header Files\Game</Filter>
    </ClInclude>
    <ClInclude Include="CScores.h">
      <Filter>Header Files\Game</Filter>
    </ClInclude>
    <ClInclude Include="CPlayerManager.h">
      <Filter>Header Files\Player</Filter>
    </ClInclude>
    <ClInclude Include="CPlayerFactory.h">
      <Filter>Header Files\Player</Filter>
    </ClInclude>
    <ClInclude Include="CConsoleLogger.h">
      <Filter>Header Files</Filter>
    </ClInclude>
    <ClInclude Include="CCardsPassDirection.h">
      <Filter>Header Files\Cards</Filter>
    </ClInclude>
    <ClInclude Include="CScoreCalculator.h">
      <Filter>Header Files\Game</Filter>
    </ClInclude>
  </ItemGroup>
</Project>